
Microsoft Visual Studio Solution File, Format Version 12.00
# Visual Studio Version 17
VisualStudioVersion = 17.2.32630.192
MinimumVisualStudioVersion = 10.0.40219.1
Project("{9A19103F-16F7-4668-BE54-9A1E7A4F7556}") = "DesafioPOO", "DesafioPOO.csproj", "{FF58014A-A5DD-4FBF-8091-0664F851C01E}"
EndProject
Global
	GlobalSection(SolutionConfigurationPlatforms) = preSolution
		Debug|Any CPU = Debug|Any CPU
		Release|Any CPU = Release|Any CPU
	EndGlobalSection
	GlobalSection(ProjectConfigurationPlatforms) = postSolution
		{FF58014A-A5DD-4FBF-8091-0664F851C01E}.Debug|Any CPU.ActiveCfg = Debug|Any CPU
		{FF58014A-A5DD-4FBF-8091-0664F851C01E}.Debug|Any CPU.Build.0 = Debug|Any CPU
		{FF58014A-A5DD-4FBF-8091-0664F851C01E}.Release|Any CPU.ActiveCfg = Release|Any CPU
		{FF58014A-A5DD-4FBF-8091-0664F851C01E}.Release|Any CPU.Build.0 = Release|Any CPU
	EndGlobalSection
	GlobalSection(SolutionProperties) = preSolution
		HideSolutionNode = FALSE
	EndGlobalSection
	GlobalSection(ExtensibilityGlobals) = postSolution
		SolutionGuid = {C86537AD-9C9D-4A1B-8E47-017F982C9E53}
	EndGlobalSection
EndGlobal
